// !$*UTF8*$!
{
	archiveVersion = 1;
	classes = {
	};
	objectVersion = 46;
	objects = {

/* Begin PBXBuildFile section */
		C864D3B21C71B1CE009B965B /* main.m in Sources */ = {isa = PBXBuildFile; fileRef = C864D3B11C71B1CE009B965B /* main.m */; };
		C864D3B51C71B1CE009B965B /* AppDelegate.m in Sources */ = {isa = PBXBuildFile; fileRef = C864D3B41C71B1CE009B965B /* AppDelegate.m */; };
		C864D3BD1C71B1CE009B965B /* Assets.xcassets in Resources */ = {isa = PBXBuildFile; fileRef = C864D3BC1C71B1CE009B965B /* Assets.xcassets */; };
		C864D3C01C71B1CE009B965B /* LaunchScreen.storyboard in Resources */ = {isa = PBXBuildFile; fileRef = C864D3BE1C71B1CE009B965B /* LaunchScreen.storyboard */; };
/* End PBXBuildFile section */

/* Begin PBXFileReference section */
		C864D3AD1C71B1CE009B965B /* PengVideo.app */ = {isa = PBXFileReference; explicitFileType = wrapper.application; includeInIndex = 0; path = PengVideo.app; sourceTree = BUILT_PRODUCTS_DIR; };
		C864D3B11C71B1CE009B965B /* main.m */ = {isa = PBXFileReference; lastKnownFileType = sourcecode.c.objc; path = main.m; sourceTree = "<group>"; };
		C864D3B31C71B1CE009B965B /* AppDelegate.h */ = {isa = PBXFileReference; lastKnownFileType = sourcecode.c.h; path = AppDelegate.h; sourceTree = "<group>"; };
		C864D3B41C71B1CE009B965B /* AppDelegate.m */ = {isa = PBXFileReference; lastKnownFileType = sourcecode.c.objc; path = AppDelegate.m; sourceTree = "<group>"; };
		C864D3BC1C71B1CE009B965B /* Assets.xcassets */ = {isa = PBXFileReference; lastKnownFileType = folder.assetcatalog; path = Assets.xcassets; sourceTree = "<group>"; };
		C864D3BF1C71B1CE009B965B /* Base */ = {isa = PBXFileReference; lastKnownFileType = file.storyboard; name = Base; path = Base.lproj/LaunchScreen.storyboard; sourceTree = "<group>"; };
		C864D3C11C71B1CE009B965B /* Info.plist */ = {isa = PBXFileReference; lastKnownFileType = text.plist.xml; path = Info.plist; sourceTree = "<group>"; };
/* End PBXFileReference section */

/* Begin PBXFrameworksBuildPhase section */
		C864D3AA1C71B1CE009B965B /* Frameworks */ = {
			isa = PBXFrameworksBuildPhase;
			buildActionMask = 2147483647;
			files = (
			);
			runOnlyForDeploymentPostprocessing = 0;
		};
/* End PBXFrameworksBuildPhase section */

/* Begin PBXGroup section */
		C864D3A41C71B1CE009B965B = {
			isa = PBXGroup;
			children = (
				C864D3AF1C71B1CE009B965B /* PengVideo */,
				C864D3AE1C71B1CE009B965B /* Products */,
			);
			sourceTree = "<group>";
		};
		C864D3AE1C71B1CE009B965B /* Products */ = {
			isa = PBXGroup;
			children = (
				C864D3AD1C71B1CE009B965B /* PengVideo.app */,
			);
			name = Products;
			sourceTree = "<group>";
		};
		C864D3AF1C71B1CE009B965B /* PengVideo */ = {
			isa = PBXGroup;
			children = (
				C864D3B31C71B1CE009B965B /* AppDelegate.h */,
				C864D3B41C71B1CE009B965B /* AppDelegate.m */,
				C864D3BC1C71B1CE009B965B /* Assets.xcassets */,
				C864D3BE1C71B1CE009B965B /* LaunchScreen.storyboard */,
				C864D3C11C71B1CE009B965B /* Info.plist */,
				C864D3B01C71B1CE009B965B /* Supporting Files */,
			);
			path = PengVideo;
			sourceTree = "<group>";
		};
		C864D3B01C71B1CE009B965B /* Supporting Files */ = {
			isa = PBXGroup;
			children = (
				C864D3B11C71B1CE009B965B /* main.m */,
			);
			name = "Supporting Files";
			sourceTree = "<group>";
		};
/* End PBXGroup section */

/* Begin PBXNativeTarget section */
		C864D3AC1C71B1CE009B965B /* PengVideo */ = {
			isa = PBXNativeTarget;
			buildConfigurationList = C864D3C41C71B1CE009B965B /* Build configuration list for PBXNativeTarget "PengVideo" */;
			buildPhases = (
				C864D3A91C71B1CE009B965B /* Sources */,
				C864D3AA1C71B1CE009B965B /* Frameworks */,
				C864D3AB1C71B1CE009B965B /* Resources */,
			);
			buildRules = (
			);
			dependencies = (
			);
			name = PengVideo;
			productName = PengVideo;
			productReference = C864D3AD1C71B1CE009B965B /* PengVideo.app */;
			productType = "com.apple.product-type.application";
		};
/* End PBXNativeTarget section */

/* Begin PBXProject section */
		C864D3A51C71B1CE009B965B /* Project object */ = {
			isa = PBXProject;
			attributes = {
				LastUpgradeCheck = 0720;
				ORGANIZATIONNAME = hengfu;
				TargetAttributes = {
					C864D3AC1C71B1CE009B965B = {
						CreatedOnToolsVersion = 7.2;
					};
				};
			};
			buildConfigurationList = C864D3A81C71B1CE009B965B /* Build configuration list for PBXProject "PengVideo" */;
			compatibilityVersion = "Xcode 3.2";
			developmentRegion = English;
			hasScannedForEncodings = 0;
			knownRegions = (
				en,
				Base,
			);
			mainGroup = C864D3A41C71B1CE009B965B;
			productRefGroup = C864D3AE1C71B1CE009B965B /* Products */;
			projectDirPath = "";
			projectRoot = "";
			targets = (
				C864D3AC1C71B1CE009B965B /* PengVideo */,
			);
		};
/* End PBXProject section */

/* Begin PBXResourcesBuildPhase section */
		C864D3AB1C71B1CE009B965B /* Resources */ = {
			isa = PBXResourcesBuildPhase;
			buildActionMask = 2147483647;
			files = (
				C864D3C01C71B1CE009B965B /* LaunchScreen.storyboard in Resources */,
				C864D3BD1C71B1CE009B965B /* Assets.xcassets in Resources */,
			);
			runOnlyForDeploymentPostprocessing = 0;
		};
/* End PBXResourcesBuildPhase section */

/* Begin PBXSourcesBuildPhase section */
		C864D3A91C71B1CE009B965B /* Sources */ = {
			isa = PBXSourcesBuildPhase;
			buildActionMask = 2147483647;
			files = (
				C864D3B51C71B1CE009B965B /* AppDelegate.m in Sources */,
				C864D3B21C71B1CE009B965B /* main.m in Sources */,
			);
			runOnlyForDeploymentPostprocessing = 0;
		};
/* End PBXSourcesBuildPhase section */

/* Begin PBXVariantGroup section */
		C864D3BE1C71B1CE009B965B /* LaunchScreen.storyboard */ = {
			isa = PBXVariantGroup;
			children = (
				C864D3BF1C71B1CE009B965B /* Base */,
			);
			name = LaunchScreen.storyboard;
			sourceTree = "<group>";
		};
/* End PBXVariantGroup section */

/* Begin XCBuildConfiguration section */
		C864D3C21C71B1CE009B965B /* Debug */ = {
			isa = XCBuildConfiguration;
			buildSettings = {
				ALWAYS_SEARCH_USER_PATHS = NO;
				CLANG_CXX_LANGUAGE_STANDARD = "gnu++0x";
				CLANG_CXX_LIBRARY = "libc++";
				CLANG_ENABLE_MODULES = YES;
				CLANG_ENABLE_OBJC_ARC = YES;
				CLANG_WARN_BOOL_CONVERSION = YES;
				CLANG_WARN_CONSTANT_CONVERSION = YES;
				CLANG_WARN_DIRECT_OBJC_ISA_USAGE = YES_ERROR;
				CLANG_WARN_EMPTY_BODY = YES;
				CLANG_WARN_ENUM_CONVERSION = YES;
				CLANG_WARN_INT_CONVERSION = YES;
				CLANG_WARN_OBJC_ROOT_CLASS = YES_ERROR;
				CLANG_WARN_UNREACHABLE_CODE = YES;
				CLANG_WARN__DUPLICATE_METHOD_MATCH = YES;
				"CODE_SIGN_IDENTITY[sdk=iphoneos*]" = "iPhone Developer";
				COPY_PHASE_STRIP = NO;
				DEBUG_INFORMATION_FORMAT = dwarf;
				ENABLE_STRICT_OBJC_MSGSEND = YES;
				ENABLE_TESTABILITY = YES;
				GCC_C_LANGUAGE_STANDARD = gnu99;
				GCC_DYNAMIC_NO_PIC = NO;
				GCC_NO_COMMON_BLOCKS = YES;
				GCC_OPTIMIZATION_LEVEL = 0;
				GCC_PREPROCESSOR_DEFINITIONS = (
					"DEBUG=1",
					"$(inherited)",
				);
				GCC_WARN_64_TO_32_BIT_CONVERSION = YES;
				GCC_WARN_ABOUT_RETURN_TYPE = YES_ERROR;
				GCC_WARN_UNDECLARED_SELECTOR = YES;
				GCC_WARN_UNINITIALIZED_AUTOS = YES_AGGRESSIVE;
				GCC_WARN_UNUSED_FUNCTION = YES;
				GCC_WARN_UNUSED_VARIABLE = YES;
				IPHONEOS_DEPLOYMENT_TARGET = 9.2;
				MTL_ENABLE_DEBUG_INFO = YES;
				ONLY_ACTIVE_ARCH = YES;
				SDKROOT = iphoneos;
				TARGETED_DEVICE_FAMILY = "1,2";
			};
			name = Debug;
		};
		C864D3C31C71B1CE009B965B /* Release */ = {
			isa = XCBuildConfiguration;
			buildSettings = {
				ALWAYS_SEARCH_USER_PATHS = NO;
				CLANG_CXX_LANGUAGE_STANDARD = "gnu++0x";
				CLANG_CXX_LIBRARY = "libc++";
				CLANG_ENABLE_MODULES = YES;
				CLANG_ENABLE_OBJC_ARC = YES;
				CLANG_WARN_BOOL_CONVERSION = YES;
				CLANG_WARN_CONSTANT_CONVERSION = YES;
				CLANG_WARN_DIRECT_OBJC_ISA_USAGE = YES_ERROR;
				CLANG_WARN_EMPTY_BODY = YES;
				CLANG_WARN_ENUM_CONVERSION = YES;
				CLANG_WARN_INT_CONVERSION = YES;
				CLANG_WARN_OBJC_ROOT_CLASS = YES_ERROR;
				CLANG_WARN_UNREACHABLE_CODE = YES;
				CLANG_WARN__DUPLICATE_METHOD_MATCH = YES;
				"CODE_SIGN_IDENTITY[sdk=iphoneos*]" = "iPhone Developer";
				COPY_PHASE_STRIP = NO;
				DEBUG_INFORMATION_FORMAT = "dwarf-with-dsym";
				ENABLE_NS_ASSERTIONS = NO;
				ENABLE_STRICT_OBJC_MSGSEND = YES;
				GCC_C_LANGUAGE_STANDARD = gnu99;
				GCC_NO_COMMON_BLOCKS = YES;
				GCC_WARN_64_TO_32_BIT_CONVERSION = YES;
				GCC_WARN_ABOUT_RETURN_TYPE = YES_ERROR;
				GCC_WARN_UNDECLARED_SELECTOR = YES;
				GCC_WARN_UNINITIALIZED_AUTOS = YES_AGGRESSIVE;
				GCC_WARN_UNUSED_FUNCTION = YES;
				GCC_WARN_UNUSED_VARIABLE = YES;
				IPHONEOS_DEPLOYMENT_TARGET = 9.2;
				MTL_ENABLE_DEBUG_INFO = NO;
				SDKROOT = iphoneos;
				TARGETED_DEVICE_FAMILY = "1,2";
				VALIDATE_PRODUCT = YES;
			};
			name = Release;
		};
		C864D3C51C71B1CE009B965B /* Debug */ = {
			isa = XCBuildConfiguration;
			buildSettings = {
				ASSETCATALOG_COMPILER_APPICON_NAME = AppIcon;
				INFOPLIST_FILE = PengVideo/Info.plist;
				LD_RUNPATH_SEARCH_PATHS = "$(inherited) @executable_path/Frameworks";
				PRODUCT_BUNDLE_IDENTIFIER = peng.PengVideo;
				PRODUCT_NAME = "$(TARGET_NAME)";
			};
			name = Debug;
		};
		C864D3C61C71B1CE009B965B /* Release */ = {
			isa = XCBuildConfiguration;
			buildSettings = {
				ASSETCATALOG_COMPILER_APPICON_NAME = AppIcon;
				INFOPLIST_FILE = PengVideo/Info.plist;
				LD_RUNPATH_SEARCH_PATHS = "$(inherited) @executable_path/Frameworks";
				PRODUCT_BUNDLE_IDENTIFIER = peng.PengVideo;
				PRODUCT_NAME = "$(TARGET_NAME)";
			};
			name = Release;
		};
/* End XCBuildConfiguration section */

/* Begin XCConfigurationList section */
		C864D3A81C71B1CE009B965B /* Build configuration list for PBXProject "PengVideo" */ = {
			isa = XCConfigurationList;
			buildConfigurations = (
				C864D3C21C71B1CE009B965B /* Debug */,
				C864D3C31C71B1CE009B965B /* Release */,
			);
			defaultConfigurationIsVisible = 0;
			defaultConfigurationName = Release;
		};
		C864D3C41C71B1CE009B965B /* Build configuration list for PBXNativeTarget "PengVideo" */ = {
			isa = XCConfigurationList;
			buildConfigurations = (
				C864D3C51C71B1CE009B965B /* Debug */,
				C864D3C61C71B1CE009B965B /* Release */,
			);
			defaultConfigurationIsVisible = 0;
		};
/* End XCConfigurationList section */
	};
	rootObject = C864D3A51C71B1CE009B965B /* Project object */;
}
